// !$*UTF8*$!
{
	archiveVersion = 1;
	classes = {
	};
	objectVersion = 77;
	objects = {

/* Begin PBXBuildFile section */
		622084F92FC6F75C0097DA05 /* FitnessAppWatch Watch App.app in Embed Watch Content */ = {isa = PBXBuildFile; fileRef = 622084D92FC6F75A0097DA05 /* FitnessAppWatch Watch App.app */; settings = {ATTRIBUTES = (RemoveHeadersOnCopy, ); }; };
/* End PBXBuildFile section */

/* Begin PBXContainerItemProxy section */
		622084E62FC6F75C0097DA05 /* PBXContainerItemProxy */ = {
			isa = PBXContainerItemProxy;
			containerPortal = 6246165A2FC5C09300CE9214 /* Project object */;
			proxyType = 1;
			remoteGlobalIDString = 622084D82FC6F75A0097DA05;
			remoteInfo = "FitnessAppWatch Watch App";
		};
		622084F02FC6F75C0097DA05 /* PBXContainerItemProxy */ = {
			isa = PBXContainerItemProxy;
			containerPortal = 6246165A2FC5C09300CE9214 /* Project object */;
			proxyType = 1;
			remoteGlobalIDString = 622084D82FC6F75A0097DA05;
			remoteInfo = "FitnessAppWatch Watch App";
		};
		622084F72FC6F75C0097DA05 /* PBXContainerItemProxy */ = {
			isa = PBXContainerItemProxy;
			containerPortal = 6246165A2FC5C09300CE9214 /* Project object */;
			proxyType = 1;
			remoteGlobalIDString = 622084D82FC6F75A0097DA05;
			remoteInfo = "FitnessAppWatch Watch App";
		};
		624616742FC5C09500CE9214 /* PBXContainerItemProxy */ = {
			isa = PBXContainerItemProxy;
			containerPortal = 6246165A2FC5C09300CE9214 /* Project object */;
			proxyType = 1;
			remoteGlobalIDString = 624616612FC5C09300CE9214;
			remoteInfo = FitnessApp;
		};
		6246167E2FC5C09500CE9214 /* PBXContainerItemProxy */ = {
			isa = PBXContainerItemProxy;
			containerPortal = 6246165A2FC5C09300CE9214 /* Project object */;
			proxyType = 1;
			remoteGlobalIDString = 624616612FC5C09300CE9214;
			remoteInfo = FitnessApp;
		};
/* End PBXContainerItemProxy section */

/* Begin PBXCopyFilesBuildPhase section */
		622084FA2FC6F75C0097DA05 /* Embed Watch Content */ = {
			isa = PBXCopyFilesBuildPhase;
			buildActionMask = 2147483647;
			dstPath = "$(CONTENTS_FOLDER_PATH)/Watch";
			dstSubfolderSpec = 16;
			files = (
				622084F92FC6F75C0097DA05 /* FitnessAppWatch Watch App.app in Embed Watch Content */,
			);
			name = "Embed Watch Content";
			runOnlyForDeploymentPostprocessing = 0;
		};
/* End PBXCopyFilesBuildPhase section */

/* Begin PBXFileReference section */
		622084D92FC6F75A0097DA05 /* FitnessAppWatch Watch App.app */ = {isa = PBXFileReference; explicitFileType = wrapper.application; includeInIndex = 0; path = "FitnessAppWatch Watch App.app"; sourceTree = BUILT_PRODUCTS_DIR; };
		622084E52FC6F75C0097DA05 /* FitnessAppWatch Watch AppTests.xctest */ = {isa = PBXFileReference; explicitFileType = wrapper.cfbundle; includeInIndex = 0; path = "FitnessAppWatch Watch AppTests.xctest"; sourceTree = BUILT_PRODUCTS_DIR; };
		622084EF2FC6F75C0097DA05 /* FitnessAppWatch Watch AppUITests.xctest */ = {isa = PBXFileReference; explicitFileType = wrapper.cfbundle; includeInIndex = 0; path = "FitnessAppWatch Watch AppUITests.xctest"; sourceTree = BUILT_PRODUCTS_DIR; };
		624616622FC5C09300CE9214 /* FitnessApp.app */ = {isa = PBXFileReference; explicitFileType = wrapper.application; includeInIndex = 0; path = FitnessApp.app; sourceTree = BUILT_PRODUCTS_DIR; };
		624616732FC5C09500CE9214 /* FitnessAppTests.xctest */ = {isa = PBXFileReference; explicitFileType = wrapper.cfbundle; includeInIndex = 0; path = FitnessAppTests.xctest; sourceTree = BUILT_PRODUCTS_DIR; };
		6246167D2FC5C09500CE9214 /* FitnessAppUITests.xctest */ = {isa = PBXFileReference; explicitFileType = wrapper.cfbundle; includeInIndex = 0; path = FitnessAppUITests.xctest; sourceTree = BUILT_PRODUCTS_DIR; };
/* End PBXFileReference section */

/* Begin PBXFileSystemSynchronizedBuildFileExceptionSet section */
		624616852FC5C09500CE9214 /* Exceptions for "FitnessApp" folder in "FitnessApp" target */ = {
			isa = PBXFileSystemSynchronizedBuildFileExceptionSet;
			membershipExceptions = (
				Info.plist,
			);
			target = 624616612FC5C09300CE9214 /* FitnessApp */;
		};
/* End PBXFileSystemSynchronizedBuildFileExceptionSet section */

/* Begin PBXFileSystemSynchronizedRootGroup section */
		622084DA2FC6F75A0097DA05 /* FitnessAppWatch Watch App */ = {
			isa = PBXFileSystemSynchronizedRootGroup;
			path = "FitnessAppWatch Watch App";
			sourceTree = "<group>";
		};
		622084E82FC6F75C0097DA05 /* FitnessAppWatch Watch AppTests */ = {
			isa = PBXFileSystemSynchronizedRootGroup;
			path = "FitnessAppWatch Watch AppTests";
			sourceTree = "<group>";
		};
		622084F22FC6F75C0097DA05 /* FitnessAppWatch Watch AppUITests */ = {
			isa = PBXFileSystemSynchronizedRootGroup;
			path = "FitnessAppWatch Watch AppUITests";
			sourceTree = "<group>";
		};
		624616642FC5C09300CE9214 /* FitnessApp */ = {
			isa = PBXFileSystemSynchronizedRootGroup;
			exceptions = (
				624616852FC5C09500CE9214 /* Exceptions for "FitnessApp" folder in "FitnessApp" target */,
			);
			path = FitnessApp;
			sourceTree = "<group>";
		};
		624616762FC5C09500CE9214 /* FitnessAppTests */ = {
			isa = PBXFileSystemSynchronizedRootGroup;
			path = FitnessAppTests;
			sourceTree = "<group>";
		};
		624616802FC5C09500CE9214 /* FitnessAppUITests */ = {
			isa = PBXFileSystemSynchronizedRootGroup;
			path = FitnessAppUITests;
			sourceTree = "<group>";
		};
/* End PBXFileSystemSynchronizedRootGroup section */

/* Begin PBXFrameworksBuildPhase section */
		622084D62FC6F75A0097DA05 /* Frameworks */ = {
			isa = PBXFrameworksBuildPhase;
			buildActionMask = 2147483647;
			files = (
			);
			runOnlyForDeploymentPostprocessing = 0;
		};
		622084E22FC6F75C0097DA05 /* Frameworks */ = {
			isa = PBXFrameworksBuildPhase;
			buildActionMask = 2147483647;
			files = (
			);
			runOnlyForDeploymentPostprocessing = 0;
		};
		622084EC2FC6F75C0097DA05 /* Frameworks */ = {
			isa = PBXFrameworksBuildPhase;
			buildActionMask = 2147483647;
			files = (
			);
			runOnlyForDeploymentPostprocessing = 0;
		};
		6246165F2FC5C09300CE9214 /* Frameworks */ = {
			isa = PBXFrameworksBuildPhase;
			buildActionMask = 2147483647;
			files = (
			);
			runOnlyForDeploymentPostprocessing = 0;
		};
		624616702FC5C09500CE9214 /* Frameworks */ = {
			isa = PBXFrameworksBuildPhase;
			buildActionMask = 2147483647;
			files = (
			);
			runOnlyForDeploymentPostprocessing = 0;
		};
		6246167A2FC5C09500CE9214 /* Frameworks */ = {
			isa = PBXFrameworksBuildPhase;
			buildActionMask = 2147483647;
			files = (
			);
			runOnlyForDeploymentPostprocessing = 0;
		};
/* End PBXFrameworksBuildPhase section */

/* Begin PBXGroup section */
		624616592FC5C09300CE9214 = {
			isa = PBXGroup;
			children = (
				624616642FC5C09300CE9214 /* FitnessApp */,
				624616762FC5C09500CE9214 /* FitnessAppTests */,
				624616802FC5C09500CE9214 /* FitnessAppUITests */,
				622084DA2FC6F75A0097DA05 /* FitnessAppWatch Watch App */,
				622084E82FC6F75C0097DA05 /* FitnessAppWatch Watch AppTests */,
				622084F22FC6F75C0097DA05 /* FitnessAppWatch Watch AppUITests */,
				624616632FC5C09300CE9214 /* Products */,
			);
			sourceTree = "<group>";
		};
		624616632FC5C09300CE9214 /* Products */ = {
			isa = PBXGroup;
			children = (
				624616622FC5C09300CE9214 /* FitnessApp.app */,
				624616732FC5C09500CE9214 /* FitnessAppTests.xctest */,
				6246167D2FC5C09500CE9214 /* FitnessAppUITests.xctest */,
				622084D92FC6F75A0097DA05 /* FitnessAppWatch Watch App.app */,
				622084E52FC6F75C0097DA05 /* FitnessAppWatch Watch AppTests.xctest */,
				622084EF2FC6F75C0097DA05 /* FitnessAppWatch Watch AppUITests.xctest */,
			);
			name = Products;
			sourceTree = "<group>";
		};
/* End PBXGroup section */

/* Begin PBXNativeTarget section */
		622084D82FC6F75A0097DA05 /* FitnessAppWatch Watch App */ = {
			isa = PBXNativeTarget;
			buildConfigurationList = 622085012FC6F75C0097DA05 /* Build configuration list for PBXNativeTarget "FitnessAppWatch Watch App" */;
			buildPhases = (
				622084D52FC6F75A0097DA05 /* Sources */,
				622084D62FC6F75A0097DA05 /* Frameworks */,
				622084D72FC6F75A0097DA05 /* Resources */,
			);
			buildRules = (
			);
			dependencies = (
			);
			fileSystemSynchronizedGroups = (
				622084DA2FC6F75A0097DA05 /* FitnessAppWatch Watch App */,
			);
			name = "FitnessAppWatch Watch App";
			packageProductDependencies = (
			);
			productName = "FitnessAppWatch Watch App";
			productReference = 622084D92FC6F75A0097DA05 /* FitnessAppWatch Watch App.app */;
			productType = "com.apple.product-type.application";
		};
		622084E42FC6F75C0097DA05 /* FitnessAppWatch Watch AppTests */ = {
			isa = PBXNativeTarget;
			buildConfigurationList = 622085022FC6F75C0097DA05 /* Build configuration list for PBXNativeTarget "FitnessAppWatch Watch AppTests" */;
			buildPhases = (
				622084E12FC6F75C0097DA05 /* Sources */,
				622084E22FC6F75C0097DA05 /* Frameworks */,
				622084E32FC6F75C0097DA05 /* Resources */,
			);
			buildRules = (
			);
			dependencies = (
				622084E72FC6F75C0097DA05 /* PBXTargetDependency */,
			);
			fileSystemSynchronizedGroups = (
				622084E82FC6F75C0097DA05 /* FitnessAppWatch Watch AppTests */,
			);
			name = "FitnessAppWatch Watch AppTests";
			packageProductDependencies = (
			);
			productName = "FitnessAppWatch Watch AppTests";
			productReference = 622084E52FC6F75C0097DA05 /* FitnessAppWatch Watch AppTests.xctest */;
			productType = "com.apple.product-type.bundle.unit-test";
		};
		622084EE2FC6F75C0097DA05 /* FitnessAppWatch Watch AppUITests */ = {
			isa = PBXNativeTarget;
			buildConfigurationList = 622085032FC6F75C0097DA05 /* Build configuration list for PBXNativeTarget "FitnessAppWatch Watch AppUITests" */;
			buildPhases = (
				622084EB2FC6F75C0097DA05 /* Sources */,
				622084EC2FC6F75C0097DA05 /* Frameworks */,
				622084ED2FC6F75C0097DA05 /* Resources */,
			);
			buildRules = (
			);
			dependencies = (
				622084F12FC6F75C0097DA05 /* PBXTargetDependency */,
			);
			fileSystemSynchronizedGroups = (
				622084F22FC6F75C0097DA05 /* FitnessAppWatch Watch AppUITests */,
			);
			name = "FitnessAppWatch Watch AppUITests";
			packageProductDependencies = (
			);
			productName = "FitnessAppWatch Watch AppUITests";
			productReference = 622084EF2FC6F75C0097DA05 /* FitnessAppWatch Watch AppUITests.xctest */;
			productType = "com.apple.product-type.bundle.ui-testing";
		};
		624616612FC5C09300CE9214 /* FitnessApp */ = {
			isa = PBXNativeTarget;
			buildConfigurationList = 624616862FC5C09500CE9214 /* Build configuration list for PBXNativeTarget "FitnessApp" */;
			buildPhases = (
				6246165E2FC5C09300CE9214 /* Sources */,
				6246165F2FC5C09300CE9214 /* Frameworks */,
				624616602FC5C09300CE9214 /* Resources */,
				622084FA2FC6F75C0097DA05 /* Embed Watch Content */,
			);
			buildRules = (
			);
			dependencies = (
				622084F82FC6F75C0097DA05 /* PBXTargetDependency */,
			);
			fileSystemSynchronizedGroups = (
				624616642FC5C09300CE9214 /* FitnessApp */,
			);
			name = FitnessApp;
			packageProductDependencies = (
			);
			productName = FitnessApp;
			productReference = 624616622FC5C09300CE9214 /* FitnessApp.app */;
			productType = "com.apple.product-type.application";
		};
		624616722FC5C09500CE9214 /* FitnessAppTests */ = {
			isa = PBXNativeTarget;
			buildConfigurationList = 6246168B2FC5C09500CE9214 /* Build configuration list for PBXNativeTarget "FitnessAppTests" */;
			buildPhases = (
				6246166F2FC5C09500CE9214 /* Sources */,
				624616702FC5C09500CE9214 /* Frameworks */,
				624616712FC5C09500CE9214 /* Resources */,
			);
			buildRules = (
			);
			dependencies = (
				624616752FC5C09500CE9214 /* PBXTargetDependency */,
			);
			fileSystemSynchronizedGroups = (
				624616762FC5C09500CE9214 /* FitnessAppTests */,
			);
			name = FitnessAppTests;
			packageProductDependencies = (
			);
			productName = FitnessAppTests;
			productReference = 624616732FC5C09500CE9214 /* FitnessAppTests.xctest */;
			productType = "com.apple.product-type.bundle.unit-test";
		};
		6246167C2FC5C09500CE9214 /* FitnessAppUITests */ = {
			isa = PBXNativeTarget;
			buildConfigurationList = 6246168E2FC5C09500CE9214 /* Build configuration list for PBXNativeTarget "FitnessAppUITests" */;
			buildPhases = (
				624616792FC5C09500CE9214 /* Sources */,
				6246167A2FC5C09500CE9214 /* Frameworks */,
				6246167B2FC5C09500CE9214 /* Resources */,
			);
			buildRules = (
			);
			dependencies = (
				6246167F2FC5C09500CE9214 /* PBXTargetDependency */,
			);
			fileSystemSynchronizedGroups = (
				624616802FC5C09500CE9214 /* FitnessAppUITests */,
			);
			name = FitnessAppUITests;
			packageProductDependencies = (
			);
			productName = FitnessAppUITests;
			productReference = 6246167D2FC5C09500CE9214 /* FitnessAppUITests.xctest */;
			productType = "com.apple.product-type.bundle.ui-testing";
		};
/* End PBXNativeTarget section */

/* Begin PBXProject section */
		6246165A2FC5C09300CE9214 /* Project object */ = {
			isa = PBXProject;
			attributes = {
				BuildIndependentTargetsInParallel = 1;
				LastSwiftUpdateCheck = 2650;
				LastUpgradeCheck = 2650;
				TargetAttributes = {
					622084D82FC6F75A0097DA05 = {
						CreatedOnToolsVersion = 26.5;
					};
					622084E42FC6F75C0097DA05 = {
						CreatedOnToolsVersion = 26.5;
						TestTargetID = 622084D82FC6F75A0097DA05;
					};
					622084EE2FC6F75C0097DA05 = {
						CreatedOnToolsVersion = 26.5;
						TestTargetID = 622084D82FC6F75A0097DA05;
					};
					624616612FC5C09300CE9214 = {
						CreatedOnToolsVersion = 26.5;
					};
					624616722FC5C09500CE9214 = {
						CreatedOnToolsVersion = 26.5;
						TestTargetID = 624616612FC5C09300CE9214;
					};
					6246167C2FC5C09500CE9214 = {
						CreatedOnToolsVersion = 26.5;
						TestTargetID = 624616612FC5C09300CE9214;
					};
				};
			};
			buildConfigurationList = 6246165D2FC5C09300CE9214 /* Build configuration list for PBXProject "FitnessApp" */;
			developmentRegion = en;
			hasScannedForEncodings = 0;
			knownRegions = (
				en,
				Base,
			);
			mainGroup = 624616592FC5C09300CE9214;
			minimizedProjectReferenceProxies = 1;
			preferredProjectObjectVersion = 77;
			productRefGroup = 624616632FC5C09300CE9214 /* Products */;
			projectDirPath = "";
			projectRoot = "";
			targets = (
				624616612FC5C09300CE9214 /* FitnessApp */,
				624616722FC5C09500CE9214 /* FitnessAppTests */,
				6246167C2FC5C09500CE9214 /* FitnessAppUITests */,
				622084D82FC6F75A0097DA05 /* FitnessAppWatch Watch App */,
				622084E42FC6F75C0097DA05 /* FitnessAppWatch Watch AppTests */,
				622084EE2FC6F75C0097DA05 /* FitnessAppWatch Watch AppUITests */,
			);
		};
/* End PBXProject section */

/* Begin PBXResourcesBuildPhase section */
		622084D72FC6F75A0097DA05 /* Resources */ = {
			isa = PBXResourcesBuildPhase;
			buildActionMask = 2147483647;
			files = (
			);
			runOnlyForDeploymentPostprocessing = 0;
		};
		622084E32FC6F75C0097DA05 /* Resources */ = {
			isa = PBXResourcesBuildPhase;
			buildActionMask = 2147483647;
			files = (
			);
			runOnlyForDeploymentPostprocessing = 0;
		};
		622084ED2FC6F75C0097DA05 /* Resources */ = {
			isa = PBXResourcesBuildPhase;
			buildActionMask = 2147483647;
			files = (
			);
			runOnlyForDeploymentPostprocessing = 0;
		};
		624616602FC5C09300CE9214 /* Resources */ = {
			isa = PBXResourcesBuildPhase;
			buildActionMask = 2147483647;
			files = (
			);
			runOnlyForDeploymentPostprocessing = 0;
		};
		624616712FC5C09500CE9214 /* Resources */ = {
			isa = PBXResourcesBuildPhase;
			buildActionMask = 2147483647;
			files = (
			);
			runOnlyForDeploymentPostprocessing = 0;
		};
		6246167B2FC5C09500CE9214 /* Resources */ = {
			isa = PBXResourcesBuildPhase;
			buildActionMask = 2147483647;
			files = (
			);
			runOnlyForDeploymentPostprocessing = 0;
		};
/* End PBXResourcesBuildPhase section */

/* Begin PBXSourcesBuildPhase section */
		622084D52FC6F75A0097DA05 /* Sources */ = {
			isa = PBXSourcesBuildPhase;
			buildActionMask = 2147483647;
			files = (
			);
			runOnlyForDeploymentPostprocessing = 0;
		};
		622084E12FC6F75C0097DA05 /* Sources */ = {
			isa = PBXSourcesBuildPhase;
			buildActionMask = 2147483647;
			files = (
			);
			runOnlyForDeploymentPostprocessing = 0;
		};
		622084EB2FC6F75C0097DA05 /* Sources */ = {
			isa = PBXSourcesBuildPhase;
			buildActionMask = 2147483647;
			files = (
			);
			runOnlyForDeploymentPostprocessing = 0;
		};
		6246165E2FC5C09300CE9214 /* Sources */ = {
			isa = PBXSourcesBuildPhase;
			buildActionMask = 2147483647;
			files = (
			);
			runOnlyForDeploymentPostprocessing = 0;
		};
		6246166F2FC5C09500CE9214 /* Sources */ = {
			isa = PBXSourcesBuildPhase;
			buildActionMask = 2147483647;
			files = (
			);
			runOnlyForDeploymentPostprocessing = 0;
		};
		624616792FC5C09500CE9214 /* Sources */ = {
			isa = PBXSourcesBuildPhase;
			buildActionMask = 2147483647;
			files = (
			);
			runOnlyForDeploymentPostprocessing = 0;
		};
/* End PBXSourcesBuildPhase section */

/* Begin PBXTargetDependency section */
		622084E72FC6F75C0097DA05 /* PBXTargetDependency */ = {
			isa = PBXTargetDependency;
			target = 622084D82FC6F75A0097DA05 /* FitnessAppWatch Watch App */;
			targetProxy = 622084E62FC6F75C0097DA05 /* PBXContainerItemProxy */;
		};
		622084F12FC6F75C0097DA05 /* PBXTargetDependency */ = {
			isa = PBXTargetDependency;
			target = 622084D82FC6F75A0097DA05 /* FitnessAppWatch Watch App */;
			targetProxy = 622084F02FC6F75C0097DA05 /* PBXContainerItemProxy */;
		};
		622084F82FC6F75C0097DA05 /* PBXTargetDependency */ = {
			isa = PBXTargetDependency;
			target = 622084D82FC6F75A0097DA05 /* FitnessAppWatch Watch App */;
			targetProxy = 622084F72FC6F75C0097DA05 /* PBXContainerItemProxy */;
		};
		624616752FC5C09500CE9214 /* PBXTargetDependency */ = {
			isa = PBXTargetDependency;
			target = 624616612FC5C09300CE9214 /* FitnessApp */;
			targetProxy = 624616742FC5C09500CE9214 /* PBXContainerItemProxy */;
		};
		6246167F2FC5C09500CE9214 /* PBXTargetDependency */ = {
			isa = PBXTargetDependency;
			target = 624616612FC5C09300CE9214 /* FitnessApp */;
			targetProxy = 6246167E2FC5C09500CE9214 /* PBXContainerItemProxy */;
		};
/* End PBXTargetDependency section */

/* Begin XCBuildConfiguration section */
		622084FB2FC6F75C0097DA05 /* Debug */ = {
			isa = XCBuildConfiguration;
			buildSettings = {
				ASSETCATALOG_COMPILER_APPICON_NAME = AppIcon;
				ASSETCATALOG_COMPILER_GLOBAL_ACCENT_COLOR_NAME = AccentColor;
				CODE_SIGN_STYLE = Automatic;
				CURRENT_PROJECT_VERSION = 1;
				DEVELOPMENT_TEAM = 7UZQN3YCUQ;
				ENABLE_PREVIEWS = YES;
				GENERATE_INFOPLIST_FILE = YES;
				INFOPLIST_KEY_CFBundleDisplayName = FitnessAppWatch;
				INFOPLIST_KEY_NSHealthShareUsageDescription = "FitnessApp reads your Apple Watch and Health data to show steps, heart rate, calories, distance, and workouts.";
				INFOPLIST_KEY_NSHealthUpdateUsageDescription = "FitnessApp can save workout summaries you choose to record.";
				INFOPLIST_KEY_UISupportedInterfaceOrientations = "UIInterfaceOrientationPortrait UIInterfaceOrientationPortraitUpsideDown";
				INFOPLIST_KEY_WKCompanionAppBundleIdentifier = com.doc.FitnessApp;
				LD_RUNPATH_SEARCH_PATHS = (
					"$(inherited)",
					"@executable_path/Frameworks",
				);
				MARKETING_VERSION = 1.0;
				PRODUCT_BUNDLE_IDENTIFIER = com.doc.FitnessApp.watchkitapp;
				PRODUCT_NAME = "$(TARGET_NAME)";
				SDKROOT = watchos;
				SKIP_INSTALL = YES;
				STRING_CATALOG_GENERATE_SYMBOLS = YES;
				SWIFT_APPROACHABLE_CONCURRENCY = YES;
				SWIFT_DEFAULT_ACTOR_ISOLATION = MainActor;
				SWIFT_EMIT_LOC_STRINGS = YES;
				SWIFT_UPCOMING_FEATURE_MEMBER_IMPORT_VISIBILITY = YES;
				SWIFT_VERSION = 5.0;
				TARGETED_DEVICE_FAMILY = 4;
				WATCHOS_DEPLOYMENT_TARGET = 26.5;
			};
			name = Debug;
		};
		622084FC2FC6F75C0097DA05 /* Release */ = {
			isa = XCBuildConfiguration;
			buildSettings = {
				ASSETCATALOG_COMPILER_APPICON_NAME = AppIcon;
				ASSETCATALOG_COMPILER_GLOBAL_ACCENT_COLOR_NAME = AccentColor;
				CODE_SIGN_STYLE = Automatic;
				CURRENT_PROJECT_VERSION = 1;
				DEVELOPMENT_TEAM = 7UZQN3YCUQ;
				ENABLE_PREVIEWS = YES;
				GENERATE_INFOPLIST_FILE = YES;
				INFOPLIST_KEY_CFBundleDisplayName = FitnessAppWatch;
				INFOPLIST_KEY_NSHealthShareUsageDescription = "FitnessApp reads your Apple Watch and Health data to show steps, heart rate, calories, distance, and workouts.";
				INFOPLIST_KEY_NSHealthUpdateUsageDescription = "FitnessApp can save workout summaries you choose to record.";
				INFOPLIST_KEY_UISupportedInterfaceOrientations = "UIInterfaceOrientationPortrait UIInterfaceOrientationPortraitUpsideDown";
				INFOPLIST_KEY_WKCompanionAppBundleIdentifier = com.doc.FitnessApp;
				LD_RUNPATH_SEARCH_PATHS = (
					"$(inherited)",
					"@executable_path/Frameworks",
				);
				MARKETING_VERSION = 1.0;
				PRODUCT_BUNDLE_IDENTIFIER = com.doc.FitnessApp.watchkitapp;
				PRODUCT_NAME = "$(TARGET_NAME)";
				SDKROOT = watchos;
				SKIP_INSTALL = YES;
				STRING_CATALOG_GENERATE_SYMBOLS = YES;
				SWIFT_APPROACHABLE_CONCURRENCY = YES;
				SWIFT_DEFAULT_ACTOR_ISOLATION = MainActor;
				SWIFT_EMIT_LOC_STRINGS = YES;
				SWIFT_UPCOMING_FEATURE_MEMBER_IMPORT_VISIBILITY = YES;
				SWIFT_VERSION = 5.0;
				TARGETED_DEVICE_FAMILY = 4;
				WATCHOS_DEPLOYMENT_TARGET = 26.5;
			};
			name = Release;
		};
		622084FD2FC6F75C0097DA05 /* Debug */ = {
			isa = XCBuildConfiguration;
			buildSettings = {
				BUNDLE_LOADER = "$(TEST_HOST)";
				CODE_SIGN_STYLE = Automatic;
				CURRENT_PROJECT_VERSION = 1;
				DEVELOPMENT_TEAM = 7UZQN3YCUQ;
				GENERATE_INFOPLIST_FILE = YES;
				MARKETING_VERSION = 1.0;
				PRODUCT_BUNDLE_IDENTIFIER = "com.doc.FitnessAppWatch-Watch-AppTests";
				PRODUCT_NAME = "$(TARGET_NAME)";
				SDKROOT = watchos;
				STRING_CATALOG_GENERATE_SYMBOLS = NO;
				SWIFT_APPROACHABLE_CONCURRENCY = YES;
				SWIFT_EMIT_LOC_STRINGS = NO;
				SWIFT_UPCOMING_FEATURE_MEMBER_IMPORT_VISIBILITY = YES;
				SWIFT_VERSION = 5.0;
				TARGETED_DEVICE_FAMILY = 4;
				TEST_HOST = "$(BUILT_PRODUCTS_DIR)/FitnessAppWatch Watch App.app/$(BUNDLE_EXECUTABLE_FOLDER_PATH)/FitnessAppWatch Watch App";
				WATCHOS_DEPLOYMENT_TARGET = 26.5;
			};
			name = Debug;
		};
		622084FE2FC6F75C0097DA05 /* Release */ = {
			isa = XCBuildConfiguration;
			buildSettings = {
				BUNDLE_LOADER = "$(TEST_HOST)";
				CODE_SIGN_STYLE = Automatic;
				CURRENT_PROJECT_VERSION = 1;
				DEVELOPMENT_TEAM = 7UZQN3YCUQ;
				GENERATE_INFOPLIST_FILE = YES;
				MARKETING_VERSION = 1.0;
				PRODUCT_BUNDLE_IDENTIFIER = "com.doc.FitnessAppWatch-Watch-AppTests";
				PRODUCT_NAME = "$(TARGET_NAME)";
				SDKROOT = watchos;
				STRING_CATALOG_GENERATE_SYMBOLS = NO;
				SWIFT_APPROACHABLE_CONCURRENCY = YES;
				SWIFT_EMIT_LOC_STRINGS = NO;
				SWIFT_UPCOMING_FEATURE_MEMBER_IMPORT_VISIBILITY = YES;
				SWIFT_VERSION = 5.0;
				TARGETED_DEVICE_FAMILY = 4;
				TEST_HOST = "$(BUILT_PRODUCTS_DIR)/FitnessAppWatch Watch App.app/$(BUNDLE_EXECUTABLE_FOLDER_PATH)/FitnessAppWatch Watch App";
				WATCHOS_DEPLOYMENT_TARGET = 26.5;
			};
			name = Release;
		};
		622084FF2FC6F75C0097DA05 /* Debug */ = {
			isa = XCBuildConfiguration;
			buildSettings = {
				CODE_SIGN_STYLE = Automatic;
				CURRENT_PROJECT_VERSION = 1;
				DEVELOPMENT_TEAM = 7UZQN3YCUQ;
				GENERATE_INFOPLIST_FILE = YES;
				INFOPLIST_KEY_NSHealthUpdateUsageDescription = "";
				MARKETING_VERSION = 1.0;
				PRODUCT_BUNDLE_IDENTIFIER = "com.doc.FitnessAppWatch-Watch-AppUITests";
				PRODUCT_NAME = "$(TARGET_NAME)";
				SDKROOT = watchos;
				STRING_CATALOG_GENERATE_SYMBOLS = NO;
				SWIFT_APPROACHABLE_CONCURRENCY = YES;
				SWIFT_EMIT_LOC_STRINGS = NO;
				SWIFT_UPCOMING_FEATURE_MEMBER_IMPORT_VISIBILITY = YES;
				SWIFT_VERSION = 5.0;
				TARGETED_DEVICE_FAMILY = 4;
				TEST_TARGET_NAME = "FitnessAppWatch Watch App";
				WATCHOS_DEPLOYMENT_TARGET = 26.5;
			};
			name = Debug;
		};
		622085002FC6F75C0097DA05 /* Release */ = {
			isa = XCBuildConfiguration;
			buildSettings = {
				CODE_SIGN_STYLE = Automatic;
				CURRENT_PROJECT_VERSION = 1;
				DEVELOPMENT_TEAM = 7UZQN3YCUQ;
				GENERATE_INFOPLIST_FILE = YES;
				INFOPLIST_KEY_NSHealthUpdateUsageDescription = "";
				MARKETING_VERSION = 1.0;
				PRODUCT_BUNDLE_IDENTIFIER = "com.doc.FitnessAppWatch-Watch-AppUITests";
				PRODUCT_NAME = "$(TARGET_NAME)";
				SDKROOT = watchos;
				STRING_CATALOG_GENERATE_SYMBOLS = NO;
				SWIFT_APPROACHABLE_CONCURRENCY = YES;
				SWIFT_EMIT_LOC_STRINGS = NO;
				SWIFT_UPCOMING_FEATURE_MEMBER_IMPORT_VISIBILITY = YES;
				SWIFT_VERSION = 5.0;
				TARGETED_DEVICE_FAMILY = 4;
				TEST_TARGET_NAME = "FitnessAppWatch Watch App";
				WATCHOS_DEPLOYMENT_TARGET = 26.5;
			};
			name = Release;
		};
		624616872FC5C09500CE9214 /* Debug */ = {
			isa = XCBuildConfiguration;
			buildSettings = {
				ASSETCATALOG_COMPILER_APPICON_NAME = AppIcon;
				ASSETCATALOG_COMPILER_GLOBAL_ACCENT_COLOR_NAME = AccentColor;
				CODE_SIGN_ENTITLEMENTS = FitnessApp/FitnessApp.entitlements;
				CODE_SIGN_STYLE = Automatic;
				CURRENT_PROJECT_VERSION = 1;
				DEVELOPMENT_TEAM = 7UZQN3YCUQ;
				ENABLE_PREVIEWS = YES;
				GENERATE_INFOPLIST_FILE = YES;
				INFOPLIST_FILE = FitnessApp/Info.plist;
				INFOPLIST_KEY_NSHealthShareUsageDescription = "FitnessApp reads your Apple Watch and Health data to show steps, heart rate, calories, distance, and workouts.";
				INFOPLIST_KEY_NSHealthUpdateUsageDescription = "FitnessApp can save workout summaries you choose to record.";
				INFOPLIST_KEY_UIApplicationSceneManifest_Generation = YES;
				INFOPLIST_KEY_UIApplicationSupportsIndirectInputEvents = YES;
				INFOPLIST_KEY_UILaunchScreen_Generation = YES;
				INFOPLIST_KEY_UISupportedInterfaceOrientations_iPad = "UIInterfaceOrientationPortrait UIInterfaceOrientationPortraitUpsideDown UIInterfaceOrientationLandscapeLeft UIInterfaceOrientationLandscapeRight";
				INFOPLIST_KEY_UISupportedInterfaceOrientations_iPhone = "UIInterfaceOrientationPortrait UIInterfaceOrientationLandscapeLeft UIInterfaceOrientationLandscapeRight";
				IPHONEOS_DEPLOYMENT_TARGET = 18.6;
				LD_RUNPATH_SEARCH_PATHS = (
					"$(inherited)",
					"@executable_path/Frameworks",
				);
				MARKETING_VERSION = 1.0;
				PRODUCT_BUNDLE_IDENTIFIER = com.doc.FitnessApp;
				PRODUCT_NAME = "$(TARGET_NAME)";
				STRING_CATALOG_GENERATE_SYMBOLS = YES;
				SWIFT_APPROACHABLE_CONCURRENCY = YES;
				SWIFT_DEFAULT_ACTOR_ISOLATION = MainActor;
				SWIFT_EMIT_LOC_STRINGS = YES;
				SWIFT_UPCOMING_FEATURE_MEMBER_IMPORT_VISIBILITY = YES;
				SWIFT_VERSION = 5.0;
				TARGETED_DEVICE_FAMILY = "1,2";
			};
			name = Debug;
		};
		624616882FC5C09500CE9214 /* Release */ = {
			isa = XCBuildConfiguration;
			buildSettings = {
				ASSETCATALOG_COMPILER_APPICON_NAME = AppIcon;
				ASSETCATALOG_COMPILER_GLOBAL_ACCENT_COLOR_NAME = AccentColor;
				CODE_SIGN_ENTITLEMENTS = FitnessApp/FitnessApp.entitlements;
				CODE_SIGN_STYLE = Automatic;
				CURRENT_PROJECT_VERSION = 1;
				DEVELOPMENT_TEAM = 7UZQN3YCUQ;
				ENABLE_PREVIEWS = YES;
				GENERATE_INFOPLIST_FILE = YES;
				INFOPLIST_FILE = FitnessApp/Info.plist;
				INFOPLIST_KEY_NSHealthShareUsageDescription = "FitnessApp reads your Apple Watch and Health data to show steps, heart rate, calories, distance, and workouts.";
				INFOPLIST_KEY_NSHealthUpdateUsageDescription = "FitnessApp can save workout summaries you choose to record.";
				INFOPLIST_KEY_UIApplicationSceneManifest_Generation = YES;
				INFOPLIST_KEY_UIApplicationSupportsIndirectInputEvents = YES;
				INFOPLIST_KEY_UILaunchScreen_Generation = YES;
				INFOPLIST_KEY_UISupportedInterfaceOrientations_iPad = "UIInterfaceOrientationPortrait UIInterfaceOrientationPortraitUpsideDown UIInterfaceOrientationLandscapeLeft UIInterfaceOrientationLandscapeRight";
				INFOPLIST_KEY_UISupportedInterfaceOrientations_iPhone = "UIInterfaceOrientationPortrait UIInterfaceOrientationLandscapeLeft UIInterfaceOrientationLandscapeRight";
				IPHONEOS_DEPLOYMENT_TARGET = 18.6;
				LD_RUNPATH_SEARCH_PATHS = (
					"$(inherited)",
					"@executable_path/Frameworks",
				);
				MARKETING_VERSION = 1.0;
				PRODUCT_BUNDLE_IDENTIFIER = com.doc.FitnessApp;
				PRODUCT_NAME = "$(TARGET_NAME)";
				STRING_CATALOG_GENERATE_SYMBOLS = YES;
				SWIFT_APPROACHABLE_CONCURRENCY = YES;
				SWIFT_DEFAULT_ACTOR_ISOLATION = MainActor;
				SWIFT_EMIT_LOC_STRINGS = YES;
				SWIFT_UPCOMING_FEATURE_MEMBER_IMPORT_VISIBILITY = YES;
				SWIFT_VERSION = 5.0;
				TARGETED_DEVICE_FAMILY = "1,2";
			};
			name = Release;
		};
		624616892FC5C09500CE9214 /* Debug */ = {
			isa = XCBuildConfiguration;
			buildSettings = {
				ALWAYS_SEARCH_USER_PATHS = NO;
				ASSETCATALOG_COMPILER_GENERATE_SWIFT_ASSET_SYMBOL_EXTENSIONS = YES;
				CLANG_ANALYZER_NONNULL = YES;
				CLANG_ANALYZER_NUMBER_OBJECT_CONVERSION = YES_AGGRESSIVE;
				CLANG_CXX_LANGUAGE_STANDARD = "gnu++20";
				CLANG_ENABLE_MODULES = YES;
				CLANG_ENABLE_OBJC_ARC = YES;
				CLANG_ENABLE_OBJC_WEAK = YES;
				CLANG_WARN_BLOCK_CAPTURE_AUTORELEASING = YES;
				CLANG_WARN_BOOL_CONVERSION = YES;
				CLANG_WARN_COMMA = YES;
				CLANG_WARN_CONSTANT_CONVERSION = YES;
				CLANG_WARN_DEPRECATED_OBJC_IMPLEMENTATIONS = YES;
				CLANG_WARN_DIRECT_OBJC_ISA_USAGE = YES_ERROR;
				CLANG_WARN_DOCUMENTATION_COMMENTS = YES;
				CLANG_WARN_EMPTY_BODY = YES;
				CLANG_WARN_ENUM_CONVERSION = YES;
				CLANG_WARN_INFINITE_RECURSION = YES;
				CLANG_WARN_INT_CONVERSION = YES;
				CLANG_WARN_NON_LITERAL_NULL_CONVERSION = YES;
				CLANG_WARN_OBJC_IMPLICIT_RETAIN_SELF = YES;
				CLANG_WARN_OBJC_LITERAL_CONVERSION = YES;
				CLANG_WARN_OBJC_ROOT_CLASS = YES_ERROR;
				CLANG_WARN_QUOTED_INCLUDE_IN_FRAMEWORK_HEADER = YES;
				CLANG_WARN_RANGE_LOOP_ANALYSIS = YES;
				CLANG_WARN_STRICT_PROTOTYPES = YES;
				CLANG_WARN_SUSPICIOUS_MOVE = YES;
				CLANG_WARN_UNGUARDED_AVAILABILITY = YES_AGGRESSIVE;
				CLANG_WARN_UNREACHABLE_CODE = YES;
				CLANG_WARN__DUPLICATE_METHOD_MATCH = YES;
				COPY_PHASE_STRIP = NO;
				DEBUG_INFORMATION_FORMAT = dwarf;
				DEVELOPMENT_TEAM = 7UZQN3YCUQ;
				ENABLE_STRICT_OBJC_MSGSEND = YES;
				ENABLE_TESTABILITY = YES;
				ENABLE_USER_SCRIPT_SANDBOXING = YES;
				GCC_C_LANGUAGE_STANDARD = gnu17;
				GCC_DYNAMIC_NO_PIC = NO;
				GCC_NO_COMMON_BLOCKS = YES;
				GCC_OPTIMIZATION_LEVEL = 0;
				GCC_PREPROCESSOR_DEFINITIONS = (
					"DEBUG=1",
					"$(inherited)",
				);
				GCC_WARN_64_TO_32_BIT_CONVERSION = YES;
				GCC_WARN_ABOUT_RETURN_TYPE = YES_ERROR;
				GCC_WARN_UNDECLARED_SELECTOR = YES;
				GCC_WARN_UNINITIALIZED_AUTOS = YES_AGGRESSIVE;
				GCC_WARN_UNUSED_FUNCTION = YES;
				GCC_WARN_UNUSED_VARIABLE = YES;
				IPHONEOS_DEPLOYMENT_TARGET = 26.5;
				LOCALIZATION_PREFERS_STRING_CATALOGS = YES;
				MTL_ENABLE_DEBUG_INFO = INCLUDE_SOURCE;
				MTL_FAST_MATH = YES;
				ONLY_ACTIVE_ARCH = YES;
				SDKROOT = iphoneos;
				SWIFT_ACTIVE_COMPILATION_CONDITIONS = "DEBUG $(inherited)";
				SWIFT_OPTIMIZATION_LEVEL = "-Onone";
			};
			name = Debug;
		};
		6246168A2FC5C09500CE9214 /* Release */ = {
			isa = XCBuildConfiguration;
			buildSettings = {
				ALWAYS_SEARCH_USER_PATHS = NO;
				ASSETCATALOG_COMPILER_GENERATE_SWIFT_ASSET_SYMBOL_EXTENSIONS = YES;
				CLANG_ANALYZER_NONNULL = YES;
				CLANG_ANALYZER_NUMBER_OBJECT_CONVERSION = YES_AGGRESSIVE;
				CLANG_CXX_LANGUAGE_STANDARD = "gnu++20";
				CLANG_ENABLE_MODULES = YES;
				CLANG_ENABLE_OBJC_ARC = YES;
				CLANG_ENABLE_OBJC_WEAK = YES;
				CLANG_WARN_BLOCK_CAPTURE_AUTORELEASING = YES;
				CLANG_WARN_BOOL_CONVERSION = YES;
				CLANG_WARN_COMMA = YES;
				CLANG_WARN_CONSTANT_CONVERSION = YES;
				CLANG_WARN_DEPRECATED_OBJC_IMPLEMENTATIONS = YES;
				CLANG_WARN_DIRECT_OBJC_ISA_USAGE = YES_ERROR;
				CLANG_WARN_DOCUMENTATION_COMMENTS = YES;
				CLANG_WARN_EMPTY_BODY = YES;
				CLANG_WARN_ENUM_CONVERSION = YES;
				CLANG_WARN_INFINITE_RECURSION = YES;
				CLANG_WARN_INT_CONVERSION = YES;
				CLANG_WARN_NON_LITERAL_NULL_CONVERSION = YES;
				CLANG_WARN_OBJC_IMPLICIT_RETAIN_SELF = YES;
				CLANG_WARN_OBJC_LITERAL_CONVERSION = YES;
				CLANG_WARN_OBJC_ROOT_CLASS = YES_ERROR;
				CLANG_WARN_QUOTED_INCLUDE_IN_FRAMEWORK_HEADER = YES;
				CLANG_WARN_RANGE_LOOP_ANALYSIS = YES;
				CLANG_WARN_STRICT_PROTOTYPES = YES;
				CLANG_WARN_SUSPICIOUS_MOVE = YES;
				CLANG_WARN_UNGUARDED_AVAILABILITY = YES_AGGRESSIVE;
				CLANG_WARN_UNREACHABLE_CODE = YES;
				CLANG_WARN__DUPLICATE_METHOD_MATCH = YES;
				COPY_PHASE_STRIP = NO;
				DEBUG_INFORMATION_FORMAT = "dwarf-with-dsym";
				DEVELOPMENT_TEAM = 7UZQN3YCUQ;
				ENABLE_NS_ASSERTIONS = NO;
				ENABLE_STRICT_OBJC_MSGSEND = YES;
				ENABLE_USER_SCRIPT_SANDBOXING = YES;
				GCC_C_LANGUAGE_STANDARD = gnu17;
				GCC_NO_COMMON_BLOCKS = YES;
				GCC_WARN_64_TO_32_BIT_CONVERSION = YES;
				GCC_WARN_ABOUT_RETURN_TYPE = YES_ERROR;
				GCC_WARN_UNDECLARED_SELECTOR = YES;
				GCC_WARN_UNINITIALIZED_AUTOS = YES_AGGRESSIVE;
				GCC_WARN_UNUSED_FUNCTION = YES;
				GCC_WARN_UNUSED_VARIABLE = YES;
				IPHONEOS_DEPLOYMENT_TARGET = 26.5;
				LOCALIZATION_PREFERS_STRING_CATALOGS = YES;
				MTL_ENABLE_DEBUG_INFO = NO;
				MTL_FAST_MATH = YES;
				SDKROOT = iphoneos;
				SWIFT_COMPILATION_MODE = wholemodule;
				VALIDATE_PRODUCT = YES;
			};
			name = Release;
		};
		6246168C2FC5C09500CE9214 /* Debug */ = {
			isa = XCBuildConfiguration;
			buildSettings = {
				BUNDLE_LOADER = "$(TEST_HOST)";
				CODE_SIGN_STYLE = Automatic;
				CURRENT_PROJECT_VERSION = 1;
				DEVELOPMENT_TEAM = 7UZQN3YCUQ;
				GENERATE_INFOPLIST_FILE = YES;
				IPHONEOS_DEPLOYMENT_TARGET = 26.5;
				MARKETING_VERSION = 1.0;
				PRODUCT_BUNDLE_IDENTIFIER = com.doc.FitnessAppTests;
				PRODUCT_NAME = "$(TARGET_NAME)";
				STRING_CATALOG_GENERATE_SYMBOLS = NO;
				SWIFT_APPROACHABLE_CONCURRENCY = YES;
				SWIFT_EMIT_LOC_STRINGS = NO;
				SWIFT_UPCOMING_FEATURE_MEMBER_IMPORT_VISIBILITY = YES;
				SWIFT_VERSION = 5.0;
				TARGETED_DEVICE_FAMILY = "1,2";
				TEST_HOST = "$(BUILT_PRODUCTS_DIR)/FitnessApp.app/$(BUNDLE_EXECUTABLE_FOLDER_PATH)/FitnessApp";
			};
			name = Debug;
		};
		6246168D2FC5C09500CE9214 /* Release */ = {
			isa = XCBuildConfiguration;
			buildSettings = {
				BUNDLE_LOADER = "$(TEST_HOST)";
				CODE_SIGN_STYLE = Automatic;
				CURRENT_PROJECT_VERSION = 1;
				DEVELOPMENT_TEAM = 7UZQN3YCUQ;
				GENERATE_INFOPLIST_FILE = YES;
				IPHONEOS_DEPLOYMENT_TARGET = 26.5;
				MARKETING_VERSION = 1.0;
				PRODUCT_BUNDLE_IDENTIFIER = com.doc.FitnessAppTests;
				PRODUCT_NAME = "$(TARGET_NAME)";
				STRING_CATALOG_GENERATE_SYMBOLS = NO;
				SWIFT_APPROACHABLE_CONCURRENCY = YES;
				SWIFT_EMIT_LOC_STRINGS = NO;
				SWIFT_UPCOMING_FEATURE_MEMBER_IMPORT_VISIBILITY = YES;
				SWIFT_VERSION = 5.0;
				TARGETED_DEVICE_FAMILY = "1,2";
				TEST_HOST = "$(BUILT_PRODUCTS_DIR)/FitnessApp.app/$(BUNDLE_EXECUTABLE_FOLDER_PATH)/FitnessApp";
			};
			name = Release;
		};
		6246168F2FC5C09500CE9214 /* Debug */ = {
			isa = XCBuildConfiguration;
			buildSettings = {
				CODE_SIGN_STYLE = Automatic;
				CURRENT_PROJECT_VERSION = 1;
				DEVELOPMENT_TEAM = 7UZQN3YCUQ;
				GENERATE_INFOPLIST_FILE = YES;
				MARKETING_VERSION = 1.0;
				PRODUCT_BUNDLE_IDENTIFIER = com.doc.FitnessAppUITests;
				PRODUCT_NAME = "$(TARGET_NAME)";
				STRING_CATALOG_GENERATE_SYMBOLS = NO;
				SWIFT_APPROACHABLE_CONCURRENCY = YES;
				SWIFT_EMIT_LOC_STRINGS = NO;
				SWIFT_UPCOMING_FEATURE_MEMBER_IMPORT_VISIBILITY = YES;
				SWIFT_VERSION = 5.0;
				TARGETED_DEVICE_FAMILY = "1,2";
				TEST_TARGET_NAME = FitnessApp;
			};
			name = Debug;
		};
		624616902FC5C09500CE9214 /* Release */ = {
			isa = XCBuildConfiguration;
			buildSettings = {
				CODE_SIGN_STYLE = Automatic;
				CURRENT_PROJECT_VERSION = 1;
				DEVELOPMENT_TEAM = 7UZQN3YCUQ;
				GENERATE_INFOPLIST_FILE = YES;
				MARKETING_VERSION = 1.0;
				PRODUCT_BUNDLE_IDENTIFIER = com.doc.FitnessAppUITests;
				PRODUCT_NAME = "$(TARGET_NAME)";
				STRING_CATALOG_GENERATE_SYMBOLS = NO;
				SWIFT_APPROACHABLE_CONCURRENCY = YES;
				SWIFT_EMIT_LOC_STRINGS = NO;
				SWIFT_UPCOMING_FEATURE_MEMBER_IMPORT_VISIBILITY = YES;
				SWIFT_VERSION = 5.0;
				TARGETED_DEVICE_FAMILY = "1,2";
				TEST_TARGET_NAME = FitnessApp;
			};
			name = Release;
		};
/* End XCBuildConfiguration section */

/* Begin XCConfigurationList section */
		622085012FC6F75C0097DA05 /* Build configuration list for PBXNativeTarget "FitnessAppWatch Watch App" */ = {
			isa = XCConfigurationList;
			buildConfigurations = (
				622084FB2FC6F75C0097DA05 /* Debug */,
				622084FC2FC6F75C0097DA05 /* Release */,
			);
			defaultConfigurationIsVisible = 0;
			defaultConfigurationName = Release;
		};
		622085022FC6F75C0097DA05 /* Build configuration list for PBXNativeTarget "FitnessAppWatch Watch AppTests" */ = {
			isa = XCConfigurationList;
			buildConfigurations = (
				622084FD2FC6F75C0097DA05 /* Debug */,
				622084FE2FC6F75C0097DA05 /* Release */,
			);
			defaultConfigurationIsVisible = 0;
			defaultConfigurationName = Release;
		};
		622085032FC6F75C0097DA05 /* Build configuration list for PBXNativeTarget "FitnessAppWatch Watch AppUITests" */ = {
			isa = XCConfigurationList;
			buildConfigurations = (
				622084FF2FC6F75C0097DA05 /* Debug */,
				622085002FC6F75C0097DA05 /* Release */,
			);
			defaultConfigurationIsVisible = 0;
			defaultConfigurationName = Release;
		};
		6246165D2FC5C09300CE9214 /* Build configuration list for PBXProject "FitnessApp" */ = {
			isa = XCConfigurationList;
			buildConfigurations = (
				624616892FC5C09500CE9214 /* Debug */,
				6246168A2FC5C09500CE9214 /* Release */,
			);
			defaultConfigurationIsVisible = 0;
			defaultConfigurationName = Release;
		};
		624616862FC5C09500CE9214 /* Build configuration list for PBXNativeTarget "FitnessApp" */ = {
			isa = XCConfigurationList;
			buildConfigurations = (
				624616872FC5C09500CE9214 /* Debug */,
				624616882FC5C09500CE9214 /* Release */,
			);
			defaultConfigurationIsVisible = 0;
			defaultConfigurationName = Release;
		};
		6246168B2FC5C09500CE9214 /* Build configuration list for PBXNativeTarget "FitnessAppTests" */ = {
			isa = XCConfigurationList;
			buildConfigurations = (
				6246168C2FC5C09500CE9214 /* Debug */,
				6246168D2FC5C09500CE9214 /* Release */,
			);
			defaultConfigurationIsVisible = 0;
			defaultConfigurationName = Release;
		};
		6246168E2FC5C09500CE9214 /* Build configuration list for PBXNativeTarget "FitnessAppUITests" */ = {
			isa = XCConfigurationList;
			buildConfigurations = (
				6246168F2FC5C09500CE9214 /* Debug */,
				624616902FC5C09500CE9214 /* Release */,
			);
			defaultConfigurationIsVisible = 0;
			defaultConfigurationName = Release;
		};
/* End XCConfigurationList section */
	};
	rootObject = 6246165A2FC5C09300CE9214 /* Project object */;
}
